
Microsoft Visual Studio Solution File, Format Version 12.00
# Visual Studio Version 16
VisualStudioVersion = 16.0.31112.23
MinimumVisualStudioVersion = 10.0.40219.1
Project("{9A19103F-16F7-4668-BE54-9A1E7A4F7556}") = "LearningCSharp", "LearningCSharp\LearningCSharp.csproj", "{1C541F32-83FD-4F3B-BCDA-1339BEBC459B}"
EndProject
Project("{9A19103F-16F7-4668-BE54-9A1E7A4F7556}") = "ArraysLeftRotation", "ArraysLeftRotation\ArraysLeftRotation.csproj", "{6AC1A0A4-2669-44C9-BAF3-97BE145EFFC2}"
EndProject
Project("{FAE04EC0-301F-11D3-BF4B-00C04F79EFBC}") = "Minimum2Swaps", "Minimum2Swaps\Minimum2Swaps.csproj", "{22757D42-1101-40D4-8C96-2707F5858CF0}"
EndProject
Project("{FAE04EC0-301F-11D3-BF4B-00C04F79EFBC}") = "ArrayManipulation", "ArrayManipulation\ArrayManipulation.csproj", "{DFF0C211-4246-4992-8095-3A2D440A2004}"
EndProject
Global
	GlobalSection(SolutionConfigurationPlatforms) = preSolution
		Debug|Any CPU = Debug|Any CPU
		Release|Any CPU = Release|Any CPU
	EndGlobalSection
	GlobalSection(ProjectConfigurationPlatforms) = postSolution
		{1C541F32-83FD-4F3B-BCDA-1339BEBC459B}.Debug|Any CPU.ActiveCfg = Debug|Any CPU
		{1C541F32-83FD-4F3B-BCDA-1339BEBC459B}.Debug|Any CPU.Build.0 = Debug|Any CPU
		{1C541F32-83FD-4F3B-BCDA-1339BEBC459B}.Release|Any CPU.ActiveCfg = Release|Any CPU
		{1C541F32-83FD-4F3B-BCDA-1339BEBC459B}.Release|Any CPU.Build.0 = Release|Any CPU
		{6AC1A0A4-2669-44C9-BAF3-97BE145EFFC2}.Debug|Any CPU.ActiveCfg = Debug|Any CPU
		{6AC1A0A4-2669-44C9-BAF3-97BE145EFFC2}.Debug|Any CPU.Build.0 = Debug|Any CPU
		{6AC1A0A4-2669-44C9-BAF3-97BE145EFFC2}.Release|Any CPU.ActiveCfg = Release|Any CPU
		{6AC1A0A4-2669-44C9-BAF3-97BE145EFFC2}.Release|Any CPU.Build.0 = Release|Any CPU
		{22757D42-1101-40D4-8C96-2707F5858CF0}.Debug|Any CPU.ActiveCfg = Debug|Any CPU
		{22757D42-1101-40D4-8C96-2707F5858CF0}.Debug|Any CPU.Build.0 = Debug|Any CPU
		{22757D42-1101-40D4-8C96-2707F5858CF0}.Release|Any CPU.ActiveCfg = Release|Any CPU
		{22757D42-1101-40D4-8C96-2707F5858CF0}.Release|Any CPU.Build.0 = Release|Any CPU
		{DFF0C211-4246-4992-8095-3A2D440A2004}.Debug|Any CPU.ActiveCfg = Debug|Any CPU
		{DFF0C211-4246-4992-8095-3A2D440A2004}.Debug|Any CPU.Build.0 = Debug|Any CPU
		{DFF0C211-4246-4992-8095-3A2D440A2004}.Release|Any CPU.ActiveCfg = Release|Any CPU
		{DFF0C211-4246-4992-8095-3A2D440A2004}.Release|Any CPU.Build.0 = Release|Any CPU
	EndGlobalSection
	GlobalSection(SolutionProperties) = preSolution
		HideSolutionNode = FALSE
	EndGlobalSection
	GlobalSection(ExtensibilityGlobals) = postSolution
		SolutionGuid = {02306E3E-63D3-40EA-A59F-F2FFA1AD6BB6}
	EndGlobalSection
EndGlobal
